
Microsoft Visual Studio Solution File, Format Version 12.00
# Visual Studio 15
VisualStudioVersion = 15.0.26228.4
MinimumVisualStudioVersion = 10.0.40219.1
Project("{FAE04EC0-301F-11D3-BF4B-00C04F79EFBC}") = "TA4N", "TA4N\TA4N.csproj", "{77A3A64F-E342-42B0-A8D0-377ACCFA7D1A}"
EndProject
Project("{FAE04EC0-301F-11D3-BF4B-00C04F79EFBC}") = "TA4N.Test", "TA4N.Test\TA4N.Test.csproj", "{351C0550-C0A0-4B5D-941A-21454A3E4D0F}"
EndProject
Project("{FAE04EC0-301F-11D3-BF4B-00C04F79EFBC}") = "TA4N.Example", "T4AN.Example\TA4N.Example.csproj", "{8786A0D5-4E1B-4E1A-B242-93C49DFD420F}"
EndProject
Global
	GlobalSection(SolutionConfigurationPlatforms) = preSolution
		Debug|Any CPU = Debug|Any CPU
		Release|Any CPU = Release|Any CPU
	EndGlobalSection
	GlobalSection(ProjectConfigurationPlatforms) = postSolution
		{77A3A64F-E342-42B0-A8D0-377ACCFA7D1A}.Debug|Any CPU.ActiveCfg = Debug|Any CPU
		{77A3A64F-E342-42B0-A8D0-377ACCFA7D1A}.Debug|Any CPU.Build.0 = Debug|Any CPU
		{77A3A64F-E342-42B0-A8D0-377ACCFA7D1A}.Release|Any CPU.ActiveCfg = Release|Any CPU
		{77A3A64F-E342-42B0-A8D0-377ACCFA7D1A}.Release|Any CPU.Build.0 = Release|Any CPU
		{351C0550-C0A0-4B5D-941A-21454A3E4D0F}.Debug|Any CPU.ActiveCfg = Debug|Any CPU
		{351C0550-C0A0-4B5D-941A-21454A3E4D0F}.Debug|Any CPU.Build.0 = Debug|Any CPU
		{351C0550-C0A0-4B5D-941A-21454A3E4D0F}.Release|Any CPU.ActiveCfg = Release|Any CPU
		{351C0550-C0A0-4B5D-941A-21454A3E4D0F}.Release|Any CPU.Build.0 = Release|Any CPU
		{8786A0D5-4E1B-4E1A-B242-93C49DFD420F}.Debug|Any CPU.ActiveCfg = Debug|Any CPU
		{8786A0D5-4E1B-4E1A-B242-93C49DFD420F}.Debug|Any CPU.Build.0 = Debug|Any CPU
		{8786A0D5-4E1B-4E1A-B242-93C49DFD420F}.Release|Any CPU.ActiveCfg = Release|Any CPU
		{8786A0D5-4E1B-4E1A-B242-93C49DFD420F}.Release|Any CPU.Build.0 = Release|Any CPU
	EndGlobalSection
	GlobalSection(SolutionProperties) = preSolution
		HideSolutionNode = FALSE
	EndGlobalSection
	GlobalSection(ExtensibilityGlobals) = postSolution
		SolutionGuid = {0916EF15-DB34-419F-BC74-D57A52613DA3}
	EndGlobalSection
EndGlobal
